
Microsoft Visual Studio Solution File, Format Version 12.00
# Visual Studio Version 17
VisualStudioVersion = 17.12.35323.107
MinimumVisualStudioVersion = 10.0.40219.1
Project("{FAE04EC0-301F-11D3-BF4B-00C04F79EFBC}") = "textanalyzer", "textanalyzer\textanalyzer.csproj", "{0754DE4C-F67D-4948-B544-BAE349ED0FE6}"
EndProject
Project("{FAE04EC0-301F-11D3-BF4B-00C04F79EFBC}") = "textanalyzertests", "textanalyzertests\textanalyzertests.csproj", "{6F1F5174-2348-4EBA-B867-F8DB4262395E}"
EndProject
Global
	GlobalSection(SolutionConfigurationPlatforms) = preSolution
		Debug|Any CPU = Debug|Any CPU
		Release|Any CPU = Release|Any CPU
	EndGlobalSection
	GlobalSection(ProjectConfigurationPlatforms) = postSolution
		{0754DE4C-F67D-4948-B544-BAE349ED0FE6}.Debug|Any CPU.ActiveCfg = Debug|Any CPU
		{0754DE4C-F67D-4948-B544-BAE349ED0FE6}.Debug|Any CPU.Build.0 = Debug|Any CPU
		{0754DE4C-F67D-4948-B544-BAE349ED0FE6}.Release|Any CPU.ActiveCfg = Release|Any CPU
		{0754DE4C-F67D-4948-B544-BAE349ED0FE6}.Release|Any CPU.Build.0 = Release|Any CPU
		{6F1F5174-2348-4EBA-B867-F8DB4262395E}.Debug|Any CPU.ActiveCfg = Debug|Any CPU
		{6F1F5174-2348-4EBA-B867-F8DB4262395E}.Debug|Any CPU.Build.0 = Debug|Any CPU
		{6F1F5174-2348-4EBA-B867-F8DB4262395E}.Release|Any CPU.ActiveCfg = Release|Any CPU
		{6F1F5174-2348-4EBA-B867-F8DB4262395E}.Release|Any CPU.Build.0 = Release|Any CPU
	EndGlobalSection
	GlobalSection(SolutionProperties) = preSolution
		HideSolutionNode = FALSE
	EndGlobalSection
	GlobalSection(ExtensibilityGlobals) = postSolution
		SolutionGuid = {0326EC7A-DB5F-4219-ACE5-ECA99EDBF723}
	EndGlobalSection
EndGlobal
